
Microsoft Visual Studio Solution File, Format Version 12.00
# Visual Studio Version 16
VisualStudioVersion = 16.0.29102.190
MinimumVisualStudioVersion = 10.0.40219.1
Project("{9A19103F-16F7-4668-BE54-9A1E7A4F7556}") = "InfoClients.Api", "InfoClients.Api\InfoClients.Api.csproj", "{033A4D0A-85F7-4A6F-915A-6571742D5AE9}"
EndProject
Project("{FAE04EC0-301F-11D3-BF4B-00C04F79EFBC}") = "InfoClients.Repository", "InfoClients.Repository\InfoClients.Repository.csproj", "{69211CBF-1C38-46F6-BDA8-2E3BFC2287A8}"
EndProject
Project("{FAE04EC0-301F-11D3-BF4B-00C04F79EFBC}") = "InfoClients.Model", "InfoClients.Model\InfoClients.Model.csproj", "{F8CA2284-3399-44D1-B2F2-569D493CCF78}"
EndProject
Project("{FAE04EC0-301F-11D3-BF4B-00C04F79EFBC}") = "InfoClients.Service", "InfoClients.Service\InfoClients.Service.csproj", "{861B5836-B1E5-4DB9-A9E3-72517FB95DE0}"
EndProject
Project("{00D1A9C2-B5F0-4AF3-8072-F6C62B433612}") = "InfoClients.Database", "InfoClients.Database\InfoClients.Database.sqlproj", "{1F33E623-5573-48C1-A011-CDA0AC954261}"
EndProject
Global
	GlobalSection(SolutionConfigurationPlatforms) = preSolution
		Debug|Any CPU = Debug|Any CPU
		Release|Any CPU = Release|Any CPU
	EndGlobalSection
	GlobalSection(ProjectConfigurationPlatforms) = postSolution
		{033A4D0A-85F7-4A6F-915A-6571742D5AE9}.Debug|Any CPU.ActiveCfg = Debug|Any CPU
		{033A4D0A-85F7-4A6F-915A-6571742D5AE9}.Debug|Any CPU.Build.0 = Debug|Any CPU
		{033A4D0A-85F7-4A6F-915A-6571742D5AE9}.Release|Any CPU.ActiveCfg = Release|Any CPU
		{033A4D0A-85F7-4A6F-915A-6571742D5AE9}.Release|Any CPU.Build.0 = Release|Any CPU
		{69211CBF-1C38-46F6-BDA8-2E3BFC2287A8}.Debug|Any CPU.ActiveCfg = Debug|Any CPU
		{69211CBF-1C38-46F6-BDA8-2E3BFC2287A8}.Debug|Any CPU.Build.0 = Debug|Any CPU
		{69211CBF-1C38-46F6-BDA8-2E3BFC2287A8}.Release|Any CPU.ActiveCfg = Release|Any CPU
		{69211CBF-1C38-46F6-BDA8-2E3BFC2287A8}.Release|Any CPU.Build.0 = Release|Any CPU
		{F8CA2284-3399-44D1-B2F2-569D493CCF78}.Debug|Any CPU.ActiveCfg = Debug|Any CPU
		{F8CA2284-3399-44D1-B2F2-569D493CCF78}.Debug|Any CPU.Build.0 = Debug|Any CPU
		{F8CA2284-3399-44D1-B2F2-569D493CCF78}.Release|Any CPU.ActiveCfg = Release|Any CPU
		{F8CA2284-3399-44D1-B2F2-569D493CCF78}.Release|Any CPU.Build.0 = Release|Any CPU
		{861B5836-B1E5-4DB9-A9E3-72517FB95DE0}.Debug|Any CPU.ActiveCfg = Debug|Any CPU
		{861B5836-B1E5-4DB9-A9E3-72517FB95DE0}.Debug|Any CPU.Build.0 = Debug|Any CPU
		{861B5836-B1E5-4DB9-A9E3-72517FB95DE0}.Release|Any CPU.ActiveCfg = Release|Any CPU
		{861B5836-B1E5-4DB9-A9E3-72517FB95DE0}.Release|Any CPU.Build.0 = Release|Any CPU
		{1F33E623-5573-48C1-A011-CDA0AC954261}.Debug|Any CPU.ActiveCfg = Debug|Any CPU
		{1F33E623-5573-48C1-A011-CDA0AC954261}.Debug|Any CPU.Build.0 = Debug|Any CPU
		{1F33E623-5573-48C1-A011-CDA0AC954261}.Debug|Any CPU.Deploy.0 = Debug|Any CPU
		{1F33E623-5573-48C1-A011-CDA0AC954261}.Release|Any CPU.ActiveCfg = Release|Any CPU
		{1F33E623-5573-48C1-A011-CDA0AC954261}.Release|Any CPU.Build.0 = Release|Any CPU
		{1F33E623-5573-48C1-A011-CDA0AC954261}.Release|Any CPU.Deploy.0 = Release|Any CPU
	EndGlobalSection
	GlobalSection(SolutionProperties) = preSolution
		HideSolutionNode = FALSE
	EndGlobalSection
	GlobalSection(ExtensibilityGlobals) = postSolution
		SolutionGuid = {DC8D97FA-49B0-458F-B48C-D21130C5E162}
	EndGlobalSection
EndGlobal
